
Microsoft Visual Studio Solution File, Format Version 12.00
# Visual Studio Version 17
VisualStudioVersion = 17.11.35312.102
MinimumVisualStudioVersion = 10.0.40219.1
Project("{FAE04EC0-301F-11D3-BF4B-00C04F79EFBC}") = "EntityFramework", "EntityFramework.csproj", "{7C6029D7-B87A-4C14-B8E6-E54C6019CFBF}"
EndProject
Global
	GlobalSection(SolutionConfigurationPlatforms) = preSolution
		Debug|Any CPU = Debug|Any CPU
		Release|Any CPU = Release|Any CPU
	EndGlobalSection
	GlobalSection(ProjectConfigurationPlatforms) = postSolution
		{7C6029D7-B87A-4C14-B8E6-E54C6019CFBF}.Debug|Any CPU.ActiveCfg = Debug|Any CPU
		{7C6029D7-B87A-4C14-B8E6-E54C6019CFBF}.Debug|Any CPU.Build.0 = Debug|Any CPU
		{7C6029D7-B87A-4C14-B8E6-E54C6019CFBF}.Release|Any CPU.ActiveCfg = Release|Any CPU
		{7C6029D7-B87A-4C14-B8E6-E54C6019CFBF}.Release|Any CPU.Build.0 = Release|Any CPU
	EndGlobalSection
	GlobalSection(SolutionProperties) = preSolution
		HideSolutionNode = FALSE
	EndGlobalSection
	GlobalSection(ExtensibilityGlobals) = postSolution
		SolutionGuid = {32B12F69-F632-49CE-9A6A-E8A81FC05313}
	EndGlobalSection
EndGlobal
